
Microsoft Visual Studio Solution File, Format Version 11.00
# Visual Studio 2010
Project("{FAE04EC0-301F-11D3-BF4B-00C04F79EFBC}") = "Sample-Twitter", "Sample-Twitter.csproj", "{2E77CE18-64F7-471C-A221-D70F654A1440}"
EndProject
Global
	GlobalSection(SolutionConfigurationPlatforms) = preSolution
		Debug|x86 = Debug|x86
		Release|x86 = Release|x86
	EndGlobalSection
	GlobalSection(ProjectConfigurationPlatforms) = postSolution
		{2E77CE18-64F7-471C-A221-D70F654A1440}.Debug|x86.ActiveCfg = Debug|x86
		{2E77CE18-64F7-471C-A221-D70F654A1440}.Debug|x86.Build.0 = Debug|x86
		{2E77CE18-64F7-471C-A221-D70F654A1440}.Release|x86.ActiveCfg = Release|x86
		{2E77CE18-64F7-471C-A221-D70F654A1440}.Release|x86.Build.0 = Release|x86
	EndGlobalSection
	GlobalSection(SolutionProperties) = preSolution
		HideSolutionNode = FALSE
	EndGlobalSection
EndGlobal
